
Microsoft Visual Studio Solution File, Format Version 12.00
# Visual Studio 15
VisualStudioVersion = 15.0.27130.2036
MinimumVisualStudioVersion = 10.0.40219.1
Project("{FAE04EC0-301F-11D3-BF4B-00C04F79EFBC}") = "CrispySpoon.Android", "crispyspoon\crispyspoon.Android\CrispySpoon.Android.csproj", "{8F5E468D-8E25-493B-9DE6-62220E250F01}"
EndProject
Project("{9A19103F-16F7-4668-BE54-9A1E7A4F7556}") = "CrispySpoon", "crispyspoon\crispyspoon\CrispySpoon.csproj", "{03183F6A-4C26-4E18-8135-EBC201059EC4}"
EndProject
Project("{FAE04EC0-301F-11D3-BF4B-00C04F79EFBC}") = "CrispySpoon.API.V2", "crispyspoon\CrispySpoon.API.V2\CrispySpoon.API.V2.csproj", "{88F8068B-D392-4544-BABF-B21A2D1CEEEB}"
EndProject
Global
	GlobalSection(SolutionConfigurationPlatforms) = preSolution
		Ad-Hoc|Any CPU = Ad-Hoc|Any CPU
		Ad-Hoc|ARM = Ad-Hoc|ARM
		Ad-Hoc|iPhone = Ad-Hoc|iPhone
		Ad-Hoc|iPhoneSimulator = Ad-Hoc|iPhoneSimulator
		Ad-Hoc|x64 = Ad-Hoc|x64
		Ad-Hoc|x86 = Ad-Hoc|x86
		AppStore|Any CPU = AppStore|Any CPU
		AppStore|ARM = AppStore|ARM
		AppStore|iPhone = AppStore|iPhone
		AppStore|iPhoneSimulator = AppStore|iPhoneSimulator
		AppStore|x64 = AppStore|x64
		AppStore|x86 = AppStore|x86
		Debug|Any CPU = Debug|Any CPU
		Debug|ARM = Debug|ARM
		Debug|iPhone = Debug|iPhone
		Debug|iPhoneSimulator = Debug|iPhoneSimulator
		Debug|x64 = Debug|x64
		Debug|x86 = Debug|x86
		Release|Any CPU = Release|Any CPU
		Release|ARM = Release|ARM
		Release|iPhone = Release|iPhone
		Release|iPhoneSimulator = Release|iPhoneSimulator
		Release|x64 = Release|x64
		Release|x86 = Release|x86
	EndGlobalSection
	GlobalSection(ProjectConfigurationPlatforms) = postSolution
		{8F5E468D-8E25-493B-9DE6-62220E250F01}.Ad-Hoc|Any CPU.ActiveCfg = Release|Any CPU
		{8F5E468D-8E25-493B-9DE6-62220E250F01}.Ad-Hoc|Any CPU.Build.0 = Release|Any CPU
		{8F5E468D-8E25-493B-9DE6-62220E250F01}.Ad-Hoc|Any CPU.Deploy.0 = Release|Any CPU
		{8F5E468D-8E25-493B-9DE6-62220E250F01}.Ad-Hoc|ARM.ActiveCfg = Release|Any CPU
		{8F5E468D-8E25-493B-9DE6-62220E250F01}.Ad-Hoc|ARM.Build.0 = Release|Any CPU
		{8F5E468D-8E25-493B-9DE6-62220E250F01}.Ad-Hoc|ARM.Deploy.0 = Release|Any CPU
		{8F5E468D-8E25-493B-9DE6-62220E250F01}.Ad-Hoc|iPhone.ActiveCfg = Release|Any CPU
		{8F5E468D-8E25-493B-9DE6-62220E250F01}.Ad-Hoc|iPhone.Build.0 = Release|Any CPU
		{8F5E468D-8E25-493B-9DE6-62220E250F01}.Ad-Hoc|iPhone.Deploy.0 = Release|Any CPU
		{8F5E468D-8E25-493B-9DE6-62220E250F01}.Ad-Hoc|iPhoneSimulator.ActiveCfg = Release|Any CPU
		{8F5E468D-8E25-493B-9DE6-62220E250F01}.Ad-Hoc|iPhoneSimulator.Build.0 = Release|Any CPU
		{8F5E468D-8E25-493B-9DE6-62220E250F01}.Ad-Hoc|iPhoneSimulator.Deploy.0 = Release|Any CPU
		{8F5E468D-8E25-493B-9DE6-62220E250F01}.Ad-Hoc|x64.ActiveCfg = Release|Any CPU
		{8F5E468D-8E25-493B-9DE6-62220E250F01}.Ad-Hoc|x64.Build.0 = Release|Any CPU
		{8F5E468D-8E25-493B-9DE6-62220E250F01}.Ad-Hoc|x64.Deploy.0 = Release|Any CPU
		{8F5E468D-8E25-493B-9DE6-62220E250F01}.Ad-Hoc|x86.ActiveCfg = Release|Any CPU
		{8F5E468D-8E25-493B-9DE6-62220E250F01}.Ad-Hoc|x86.Build.0 = Release|Any CPU
		{8F5E468D-8E25-493B-9DE6-62220E250F01}.Ad-Hoc|x86.Deploy.0 = Release|Any CPU
		{8F5E468D-8E25-493B-9DE6-62220E250F01}.AppStore|Any CPU.ActiveCfg = Release|Any CPU
		{8F5E468D-8E25-493B-9DE6-62220E250F01}.AppStore|Any CPU.Build.0 = Release|Any CPU
		{8F5E468D-8E25-493B-9DE6-62220E250F01}.AppStore|Any CPU.Deploy.0 = Release|Any CPU
		{8F5E468D-8E25-493B-9DE6-62220E250F01}.AppStore|ARM.ActiveCfg = Release|Any CPU
		{8F5E468D-8E25-493B-9DE6-62220E250F01}.AppStore|ARM.Build.0 = Release|Any CPU
		{8F5E468D-8E25-493B-9DE6-62220E250F01}.AppStore|ARM.Deploy.0 = Release|Any CPU
		{8F5E468D-8E25-493B-9DE6-62220E250F01}.AppStore|iPhone.ActiveCfg = Release|Any CPU
		{8F5E468D-8E25-493B-9DE6-62220E250F01}.AppStore|iPhone.Build.0 = Release|Any CPU
		{8F5E468D-8E25-493B-9DE6-62220E250F01}.AppStore|iPhone.Deploy.0 = Release|Any CPU
		{8F5E468D-8E25-493B-9DE6-62220E250F01}.AppStore|iPhoneSimulator.ActiveCfg = Release|Any CPU
		{8F5E468D-8E25-493B-9DE6-62220E250F01}.AppStore|iPhoneSimulator.Build.0 = Release|Any CPU
		{8F5E468D-8E25-493B-9DE6-62220E250F01}.AppStore|iPhoneSimulator.Deploy.0 = Release|Any CPU
		{8F5E468D-8E25-493B-9DE6-62220E250F01}.AppStore|x64.ActiveCfg = Release|Any CPU
		{8F5E468D-8E25-493B-9DE6-62220E250F01}.AppStore|x64.Build.0 = Release|Any CPU
		{8F5E468D-8E25-493B-9DE6-62220E250F01}.AppStore|x64.Deploy.0 = Release|Any CPU
		{8F5E468D-8E25-493B-9DE6-62220E250F01}.AppStore|x86.ActiveCfg = Release|Any CPU
		{8F5E468D-8E25-493B-9DE6-62220E250F01}.AppStore|x86.Build.0 = Release|Any CPU
		{8F5E468D-8E25-493B-9DE6-62220E250F01}.AppStore|x86.Deploy.0 = Release|Any CPU
		{8F5E468D-8E25-493B-9DE6-62220E250F01}.Debug|Any CPU.ActiveCfg = Debug|Any CPU
		{8F5E468D-8E25-493B-9DE6-62220E250F01}.Debug|Any CPU.Build.0 = Debug|Any CPU
		{8F5E468D-8E25-493B-9DE6-62220E250F01}.Debug|Any CPU.Deploy.0 = Debug|Any CPU
		{8F5E468D-8E25-493B-9DE6-62220E250F01}.Debug|ARM.ActiveCfg = Debug|Any CPU
		{8F5E468D-8E25-493B-9DE6-62220E250F01}.Debug|ARM.Build.0 = Debug|Any CPU
		{8F5E468D-8E25-493B-9DE6-62220E250F01}.Debug|ARM.Deploy.0 = Debug|Any CPU
		{8F5E468D-8E25-493B-9DE6-62220E250F01}.Debug|iPhone.ActiveCfg = Debug|Any CPU
		{8F5E468D-8E25-493B-9DE6-62220E250F01}.Debug|iPhone.Build.0 = Debug|Any CPU
		{8F5E468D-8E25-493B-9DE6-62220E250F01}.Debug|iPhone.Deploy.0 = Debug|Any CPU
		{8F5E468D-8E25-493B-9DE6-62220E250F01}.Debug|iPhoneSimulator.ActiveCfg = Debug|Any CPU
		{8F5E468D-8E25-493B-9DE6-62220E250F01}.Debug|iPhoneSimulator.Build.0 = Debug|Any CPU
		{8F5E468D-8E25-493B-9DE6-62220E250F01}.Debug|iPhoneSimulator.Deploy.0 = Debug|Any CPU
		{8F5E468D-8E25-493B-9DE6-62220E250F01}.Debug|x64.ActiveCfg = Debug|Any CPU
		{8F5E468D-8E25-493B-9DE6-62220E250F01}.Debug|x64.Build.0 = Debug|Any CPU
		{8F5E468D-8E25-493B-9DE6-62220E250F01}.Debug|x64.Deploy.0 = Debug|Any CPU
		{8F5E468D-8E25-493B-9DE6-62220E250F01}.Debug|x86.ActiveCfg = Debug|Any CPU
		{8F5E468D-8E25-493B-9DE6-62220E250F01}.Debug|x86.Build.0 = Debug|Any CPU
		{8F5E468D-8E25-493B-9DE6-62220E250F01}.Debug|x86.Deploy.0 = Debug|Any CPU
		{8F5E468D-8E25-493B-9DE6-62220E250F01}.Release|Any CPU.ActiveCfg = Release|Any CPU
		{8F5E468D-8E25-493B-9DE6-62220E250F01}.Release|Any CPU.Build.0 = Release|Any CPU
		{8F5E468D-8E25-493B-9DE6-62220E250F01}.Release|Any CPU.Deploy.0 = Release|Any CPU
		{8F5E468D-8E25-493B-9DE6-62220E250F01}.Release|ARM.ActiveCfg = Release|Any CPU
		{8F5E468D-8E25-493B-9DE6-62220E250F01}.Release|ARM.Build.0 = Release|Any CPU
		{8F5E468D-8E25-493B-9DE6-62220E250F01}.Release|ARM.Deploy.0 = Release|Any CPU
		{8F5E468D-8E25-493B-9DE6-62220E250F01}.Release|iPhone.ActiveCfg = Release|Any CPU
		{8F5E468D-8E25-493B-9DE6-62220E250F01}.Release|iPhone.Build.0 = Release|Any CPU
		{8F5E468D-8E25-493B-9DE6-62220E250F01}.Release|iPhone.Deploy.0 = Release|Any CPU
		{8F5E468D-8E25-493B-9DE6-62220E250F01}.Release|iPhoneSimulator.ActiveCfg = Release|Any CPU
		{8F5E468D-8E25-493B-9DE6-62220E250F01}.Release|iPhoneSimulator.Build.0 = Release|Any CPU
		{8F5E468D-8E25-493B-9DE6-62220E250F01}.Release|iPhoneSimulator.Deploy.0 = Release|Any CPU
		{8F5E468D-8E25-493B-9DE6-62220E250F01}.Release|x64.ActiveCfg = Release|Any CPU
		{8F5E468D-8E25-493B-9DE6-62220E250F01}.Release|x64.Build.0 = Release|Any CPU
		{8F5E468D-8E25-493B-9DE6-62220E250F01}.Release|x64.Deploy.0 = Release|Any CPU
		{8F5E468D-8E25-493B-9DE6-62220E250F01}.Release|x86.ActiveCfg = Release|Any CPU
		{8F5E468D-8E25-493B-9DE6-62220E250F01}.Release|x86.Build.0 = Release|Any CPU
		{8F5E468D-8E25-493B-9DE6-62220E250F01}.Release|x86.Deploy.0 = Release|Any CPU
		{03183F6A-4C26-4E18-8135-EBC201059EC4}.Ad-Hoc|Any CPU.ActiveCfg = Debug|Any CPU
		{03183F6A-4C26-4E18-8135-EBC201059EC4}.Ad-Hoc|Any CPU.Build.0 = Debug|Any CPU
		{03183F6A-4C26-4E18-8135-EBC201059EC4}.Ad-Hoc|ARM.ActiveCfg = Debug|Any CPU
		{03183F6A-4C26-4E18-8135-EBC201059EC4}.Ad-Hoc|ARM.Build.0 = Debug|Any CPU
		{03183F6A-4C26-4E18-8135-EBC201059EC4}.Ad-Hoc|iPhone.ActiveCfg = Debug|Any CPU
		{03183F6A-4C26-4E18-8135-EBC201059EC4}.Ad-Hoc|iPhone.Build.0 = Debug|Any CPU
		{03183F6A-4C26-4E18-8135-EBC201059EC4}.Ad-Hoc|iPhoneSimulator.ActiveCfg = Debug|Any CPU
		{03183F6A-4C26-4E18-8135-EBC201059EC4}.Ad-Hoc|iPhoneSimulator.Build.0 = Debug|Any CPU
		{03183F6A-4C26-4E18-8135-EBC201059EC4}.Ad-Hoc|x64.ActiveCfg = Debug|Any CPU
		{03183F6A-4C26-4E18-8135-EBC201059EC4}.Ad-Hoc|x64.Build.0 = Debug|Any CPU
		{03183F6A-4C26-4E18-8135-EBC201059EC4}.Ad-Hoc|x86.ActiveCfg = Debug|Any CPU
		{03183F6A-4C26-4E18-8135-EBC201059EC4}.Ad-Hoc|x86.Build.0 = Debug|Any CPU
		{03183F6A-4C26-4E18-8135-EBC201059EC4}.AppStore|Any CPU.ActiveCfg = Debug|Any CPU
		{03183F6A-4C26-4E18-8135-EBC201059EC4}.AppStore|Any CPU.Build.0 = Debug|Any CPU
		{03183F6A-4C26-4E18-8135-EBC201059EC4}.AppStore|ARM.ActiveCfg = Debug|Any CPU
		{03183F6A-4C26-4E18-8135-EBC201059EC4}.AppStore|ARM.Build.0 = Debug|Any CPU
		{03183F6A-4C26-4E18-8135-EBC201059EC4}.AppStore|iPhone.ActiveCfg = Debug|Any CPU
		{03183F6A-4C26-4E18-8135-EBC201059EC4}.AppStore|iPhone.Build.0 = Debug|Any CPU
		{03183F6A-4C26-4E18-8135-EBC201059EC4}.AppStore|iPhoneSimulator.ActiveCfg = Debug|Any CPU
		{03183F6A-4C26-4E18-8135-EBC201059EC4}.AppStore|iPhoneSimulator.Build.0 = Debug|Any CPU
		{03183F6A-4C26-4E18-8135-EBC201059EC4}.AppStore|x64.ActiveCfg = Debug|Any CPU
		{03183F6A-4C26-4E18-8135-EBC201059EC4}.AppStore|x64.Build.0 = Debug|Any CPU
		{03183F6A-4C26-4E18-8135-EBC201059EC4}.AppStore|x86.ActiveCfg = Debug|Any CPU
		{03183F6A-4C26-4E18-8135-EBC201059EC4}.AppStore|x86.Build.0 = Debug|Any CPU
		{03183F6A-4C26-4E18-8135-EBC201059EC4}.Debug|Any CPU.ActiveCfg = Debug|Any CPU
		{03183F6A-4C26-4E18-8135-EBC201059EC4}.Debug|Any CPU.Build.0 = Debug|Any CPU
		{03183F6A-4C26-4E18-8135-EBC201059EC4}.Debug|ARM.ActiveCfg = Debug|Any CPU
		{03183F6A-4C26-4E18-8135-EBC201059EC4}.Debug|ARM.Build.0 = Debug|Any CPU
		{03183F6A-4C26-4E18-8135-EBC201059EC4}.Debug|iPhone.ActiveCfg = Debug|Any CPU
		{03183F6A-4C26-4E18-8135-EBC201059EC4}.Debug|iPhone.Build.0 = Debug|Any CPU
		{03183F6A-4C26-4E18-8135-EBC201059EC4}.Debug|iPhoneSimulator.ActiveCfg = Debug|Any CPU
		{03183F6A-4C26-4E18-8135-EBC201059EC4}.Debug|iPhoneSimulator.Build.0 = Debug|Any CPU
		{03183F6A-4C26-4E18-8135-EBC201059EC4}.Debug|x64.ActiveCfg = Debug|Any CPU
		{03183F6A-4C26-4E18-8135-EBC201059EC4}.Debug|x64.Build.0 = Debug|Any CPU
		{03183F6A-4C26-4E18-8135-EBC201059EC4}.Debug|x86.ActiveCfg = Debug|Any CPU
		{03183F6A-4C26-4E18-8135-EBC201059EC4}.Debug|x86.Build.0 = Debug|Any CPU
		{03183F6A-4C26-4E18-8135-EBC201059EC4}.Release|Any CPU.ActiveCfg = Release|Any CPU
		{03183F6A-4C26-4E18-8135-EBC201059EC4}.Release|Any CPU.Build.0 = Release|Any CPU
		{03183F6A-4C26-4E18-8135-EBC201059EC4}.Release|ARM.ActiveCfg = Release|Any CPU
		{03183F6A-4C26-4E18-8135-EBC201059EC4}.Release|ARM.Build.0 = Release|Any CPU
		{03183F6A-4C26-4E18-8135-EBC201059EC4}.Release|iPhone.ActiveCfg = Release|Any CPU
		{03183F6A-4C26-4E18-8135-EBC201059EC4}.Release|iPhone.Build.0 = Release|Any CPU
		{03183F6A-4C26-4E18-8135-EBC201059EC4}.Release|iPhoneSimulator.ActiveCfg = Release|Any CPU
		{03183F6A-4C26-4E18-8135-EBC201059EC4}.Release|iPhoneSimulator.Build.0 = Release|Any CPU
		{03183F6A-4C26-4E18-8135-EBC201059EC4}.Release|x64.ActiveCfg = Release|Any CPU
		{03183F6A-4C26-4E18-8135-EBC201059EC4}.Release|x64.Build.0 = Release|Any CPU
		{03183F6A-4C26-4E18-8135-EBC201059EC4}.Release|x86.ActiveCfg = Release|Any CPU
		{03183F6A-4C26-4E18-8135-EBC201059EC4}.Release|x86.Build.0 = Release|Any CPU
		{88F8068B-D392-4544-BABF-B21A2D1CEEEB}.Ad-Hoc|Any CPU.ActiveCfg = Release|Any CPU
		{88F8068B-D392-4544-BABF-B21A2D1CEEEB}.Ad-Hoc|Any CPU.Build.0 = Release|Any CPU
		{88F8068B-D392-4544-BABF-B21A2D1CEEEB}.Ad-Hoc|ARM.ActiveCfg = Release|Any CPU
		{88F8068B-D392-4544-BABF-B21A2D1CEEEB}.Ad-Hoc|ARM.Build.0 = Release|Any CPU
		{88F8068B-D392-4544-BABF-B21A2D1CEEEB}.Ad-Hoc|iPhone.ActiveCfg = Release|Any CPU
		{88F8068B-D392-4544-BABF-B21A2D1CEEEB}.Ad-Hoc|iPhone.Build.0 = Release|Any CPU
		{88F8068B-D392-4544-BABF-B21A2D1CEEEB}.Ad-Hoc|iPhoneSimulator.ActiveCfg = Release|Any CPU
		{88F8068B-D392-4544-BABF-B21A2D1CEEEB}.Ad-Hoc|iPhoneSimulator.Build.0 = Release|Any CPU
		{88F8068B-D392-4544-BABF-B21A2D1CEEEB}.Ad-Hoc|x64.ActiveCfg = Release|Any CPU
		{88F8068B-D392-4544-BABF-B21A2D1CEEEB}.Ad-Hoc|x64.Build.0 = Release|Any CPU
		{88F8068B-D392-4544-BABF-B21A2D1CEEEB}.Ad-Hoc|x86.ActiveCfg = Release|Any CPU
		{88F8068B-D392-4544-BABF-B21A2D1CEEEB}.Ad-Hoc|x86.Build.0 = Release|Any CPU
		{88F8068B-D392-4544-BABF-B21A2D1CEEEB}.AppStore|Any CPU.ActiveCfg = Release|Any CPU
		{88F8068B-D392-4544-BABF-B21A2D1CEEEB}.AppStore|Any CPU.Build.0 = Release|Any CPU
		{88F8068B-D392-4544-BABF-B21A2D1CEEEB}.AppStore|ARM.ActiveCfg = Release|Any CPU
		{88F8068B-D392-4544-BABF-B21A2D1CEEEB}.AppStore|ARM.Build.0 = Release|Any CPU
		{88F8068B-D392-4544-BABF-B21A2D1CEEEB}.AppStore|iPhone.ActiveCfg = Release|Any CPU
		{88F8068B-D392-4544-BABF-B21A2D1CEEEB}.AppStore|iPhone.Build.0 = Release|Any CPU
		{88F8068B-D392-4544-BABF-B21A2D1CEEEB}.AppStore|iPhoneSimulator.ActiveCfg = Release|Any CPU
		{88F8068B-D392-4544-BABF-B21A2D1CEEEB}.AppStore|iPhoneSimulator.Build.0 = Release|Any CPU
		{88F8068B-D392-4544-BABF-B21A2D1CEEEB}.AppStore|x64.ActiveCfg = Release|Any CPU
		{88F8068B-D392-4544-BABF-B21A2D1CEEEB}.AppStore|x64.Build.0 = Release|Any CPU
		{88F8068B-D392-4544-BABF-B21A2D1CEEEB}.AppStore|x86.ActiveCfg = Release|Any CPU
		{88F8068B-D392-4544-BABF-B21A2D1CEEEB}.AppStore|x86.Build.0 = Release|Any CPU
		{88F8068B-D392-4544-BABF-B21A2D1CEEEB}.Debug|Any CPU.ActiveCfg = Debug|Any CPU
		{88F8068B-D392-4544-BABF-B21A2D1CEEEB}.Debug|Any CPU.Build.0 = Debug|Any CPU
		{88F8068B-D392-4544-BABF-B21A2D1CEEEB}.Debug|ARM.ActiveCfg = Debug|Any CPU
		{88F8068B-D392-4544-BABF-B21A2D1CEEEB}.Debug|ARM.Build.0 = Debug|Any CPU
		{88F8068B-D392-4544-BABF-B21A2D1CEEEB}.Debug|iPhone.ActiveCfg = Debug|Any CPU
		{88F8068B-D392-4544-BABF-B21A2D1CEEEB}.Debug|iPhone.Build.0 = Debug|Any CPU
		{88F8068B-D392-4544-BABF-B21A2D1CEEEB}.Debug|iPhoneSimulator.ActiveCfg = Debug|Any CPU
		{88F8068B-D392-4544-BABF-B21A2D1CEEEB}.Debug|iPhoneSimulator.Build.0 = Debug|Any CPU
		{88F8068B-D392-4544-BABF-B21A2D1CEEEB}.Debug|x64.ActiveCfg = Debug|Any CPU
		{88F8068B-D392-4544-BABF-B21A2D1CEEEB}.Debug|x64.Build.0 = Debug|Any CPU
		{88F8068B-D392-4544-BABF-B21A2D1CEEEB}.Debug|x86.ActiveCfg = Debug|Any CPU
		{88F8068B-D392-4544-BABF-B21A2D1CEEEB}.Debug|x86.Build.0 = Debug|Any CPU
		{88F8068B-D392-4544-BABF-B21A2D1CEEEB}.Release|Any CPU.ActiveCfg = Release|Any CPU
		{88F8068B-D392-4544-BABF-B21A2D1CEEEB}.Release|Any CPU.Build.0 = Release|Any CPU
		{88F8068B-D392-4544-BABF-B21A2D1CEEEB}.Release|ARM.ActiveCfg = Release|Any CPU
		{88F8068B-D392-4544-BABF-B21A2D1CEEEB}.Release|ARM.Build.0 = Release|Any CPU
		{88F8068B-D392-4544-BABF-B21A2D1CEEEB}.Release|iPhone.ActiveCfg = Release|Any CPU
		{88F8068B-D392-4544-BABF-B21A2D1CEEEB}.Release|iPhone.Build.0 = Release|Any CPU
		{88F8068B-D392-4544-BABF-B21A2D1CEEEB}.Release|iPhoneSimulator.ActiveCfg = Release|Any CPU
		{88F8068B-D392-4544-BABF-B21A2D1CEEEB}.Release|iPhoneSimulator.Build.0 = Release|Any CPU
		{88F8068B-D392-4544-BABF-B21A2D1CEEEB}.Release|x64.ActiveCfg = Release|Any CPU
		{88F8068B-D392-4544-BABF-B21A2D1CEEEB}.Release|x64.Build.0 = Release|Any CPU
		{88F8068B-D392-4544-BABF-B21A2D1CEEEB}.Release|x86.ActiveCfg = Release|Any CPU
		{88F8068B-D392-4544-BABF-B21A2D1CEEEB}.Release|x86.Build.0 = Release|Any CPU
	EndGlobalSection
	GlobalSection(SolutionProperties) = preSolution
		HideSolutionNode = FALSE
	EndGlobalSection
	GlobalSection(ExtensibilityGlobals) = postSolution
		SolutionGuid = {228D879F-3576-4525-87EC-BE4EFA541896}
	EndGlobalSection
EndGlobal
